// !$*UTF8*$!
{
	archiveVersion = 1;
	classes = {
	};
	objectVersion = 46;
	objects = {

/* Begin PBXBuildFile section */
		FA4B7CE81EEBCC7400460CCE /* main.m in Sources */ = {isa = PBXBuildFile; fileRef = FA4B7CE71EEBCC7400460CCE /* main.m */; };
		FA4B7CEB1EEBCC7400460CCE /* AppDelegate.m in Sources */ = {isa = PBXBuildFile; fileRef = FA4B7CEA1EEBCC7400460CCE /* AppDelegate.m */; };
		FA4B7CEE1EEBCC7400460CCE /* MapViewController.m in Sources */ = {isa = PBXBuildFile; fileRef = FA4B7CED1EEBCC7400460CCE /* MapViewController.m */; };
		FA4B7CF11EEBCC7400460CCE /* Main.storyboard in Resources */ = {isa = PBXBuildFile; fileRef = FA4B7CEF1EEBCC7400460CCE /* Main.storyboard */; };
		FA4B7CF31EEBCC7400460CCE /* Assets.xcassets in Resources */ = {isa = PBXBuildFile; fileRef = FA4B7CF21EEBCC7400460CCE /* Assets.xcassets */; };
		FA4B7CF61EEBCC7400460CCE /* LaunchScreen.storyboard in Resources */ = {isa = PBXBuildFile; fileRef = FA4B7CF41EEBCC7400460CCE /* LaunchScreen.storyboard */; };
		FA4B7D001EEBCCE900460CCE /* AMapFoundationKit.framework in Frameworks */ = {isa = PBXBuildFile; fileRef = FA4B7CFD1EEBCCE900460CCE /* AMapFoundationKit.framework */; };
		FA4B7D011EEBCCE900460CCE /* AMapSearchKit.framework in Frameworks */ = {isa = PBXBuildFile; fileRef = FA4B7CFE1EEBCCE900460CCE /* AMapSearchKit.framework */; };
		FA4B7D021EEBCCE900460CCE /* MAMapKit.framework in Frameworks */ = {isa = PBXBuildFile; fileRef = FA4B7CFF1EEBCCE900460CCE /* MAMapKit.framework */; };
		FA4B7D051EEBCD0F00460CCE /* OpenGLES.framework in Frameworks */ = {isa = PBXBuildFile; fileRef = FA4B7D041EEBCD0F00460CCE /* OpenGLES.framework */; };
		FA4B7D071EEBCD1A00460CCE /* UIKit.framework in Frameworks */ = {isa = PBXBuildFile; fileRef = FA4B7D061EEBCD1A00460CCE /* UIKit.framework */; };
		FA4B7D091EEBCD2200460CCE /* Foundation.framework in Frameworks */ = {isa = PBXBuildFile; fileRef = FA4B7D081EEBCD2200460CCE /* Foundation.framework */; };
		FA4B7D0B1EEBCD2B00460CCE /* CoreGraphics.framework in Frameworks */ = {isa = PBXBuildFile; fileRef = FA4B7D0A1EEBCD2B00460CCE /* CoreGraphics.framework */; };
		FA4B7D0D1EEBCD3100460CCE /* QuartzCore.framework in Frameworks */ = {isa = PBXBuildFile; fileRef = FA4B7D0C1EEBCD3100460CCE /* QuartzCore.framework */; };
		FA4B7D0F1EEBCD3900460CCE /* CoreLocation.framework in Frameworks */ = {isa = PBXBuildFile; fileRef = FA4B7D0E1EEBCD3900460CCE /* CoreLocation.framework */; };
		FA4B7D111EEBCD4000460CCE /* CoreTelephony.framework in Frameworks */ = {isa = PBXBuildFile; fileRef = FA4B7D101EEBCD4000460CCE /* CoreTelephony.framework */; };
		FA4B7D131EEBCD4600460CCE /* SystemConfiguration.framework in Frameworks */ = {isa = PBXBuildFile; fileRef = FA4B7D121EEBCD4600460CCE /* SystemConfiguration.framework */; };
		FA4B7D151EEBCD4C00460CCE /* Security.framework in Frameworks */ = {isa = PBXBuildFile; fileRef = FA4B7D141EEBCD4C00460CCE /* Security.framework */; };
		FA4B7D171EEBCD5200460CCE /* AdSupport.framework in Frameworks */ = {isa = PBXBuildFile; fileRef = FA4B7D161EEBCD5200460CCE /* AdSupport.framework */; };
		FA4B7D191EEBCD5700460CCE /* JavaScriptCore.framework in Frameworks */ = {isa = PBXBuildFile; fileRef = FA4B7D181EEBCD5700460CCE /* JavaScriptCore.framework */; };
		FA4B7D1B1EEBCD5E00460CCE /* libz.tbd in Frameworks */ = {isa = PBXBuildFile; fileRef = FA4B7D1A1EEBCD5E00460CCE /* libz.tbd */; };
		FA4B7D1D1EEBCD6500460CCE /* libstdc++.6.0.9.tbd in Frameworks */ = {isa = PBXBuildFile; fileRef = FA4B7D1C1EEBCD6500460CCE /* libstdc++.6.0.9.tbd */; };
		FA4B7D1F1EEBCD6E00460CCE /* libc++.tbd in Frameworks */ = {isa = PBXBuildFile; fileRef = FA4B7D1E1EEBCD6E00460CCE /* libc++.tbd */; };
		FA4B7D211EEBCD8100460CCE /* GLKit.framework in Frameworks */ = {isa = PBXBuildFile; fileRef = FA4B7D201EEBCD8100460CCE /* GLKit.framework */; };
		FA4B7D231EEBCDAB00460CCE /* AMap.bundle in Resources */ = {isa = PBXBuildFile; fileRef = FA4B7D221EEBCDAB00460CCE /* AMap.bundle */; };
		FA4B7D2C1EEBD29E00460CCE /* NavigationController.m in Sources */ = {isa = PBXBuildFile; fileRef = FA4B7D2B1EEBD29E00460CCE /* NavigationController.m */; };
		FAC8A5561EEE7AB90002AC25 /* AMapLocationKit.framework in Frameworks */ = {isa = PBXBuildFile; fileRef = FAC8A5551EEE7AB90002AC25 /* AMapLocationKit.framework */; };
		FAC8A5591EF0DD2B0002AC25 /* MBProgressHUD.m in Sources */ = {isa = PBXBuildFile; fileRef = FAC8A5581EF0DD2B0002AC25 /* MBProgressHUD.m */; };
		FAD5C85A1EFAA9AE005CA673 /* PointInfoView.m in Sources */ = {isa = PBXBuildFile; fileRef = FAD5C8591EFAA9AE005CA673 /* PointInfoView.m */; };
/* End PBXBuildFile section */

/* Begin PBXFileReference section */
		FA4B7CE31EEBCC7400460CCE /* FindCar.app */ = {isa = PBXFileReference; explicitFileType = wrapper.application; includeInIndex = 0; path = FindCar.app; sourceTree = BUILT_PRODUCTS_DIR; };
		FA4B7CE71EEBCC7400460CCE /* main.m */ = {isa = PBXFileReference; lastKnownFileType = sourcecode.c.objc; path = main.m; sourceTree = "<group>"; };
		FA4B7CE91EEBCC7400460CCE /* AppDelegate.h */ = {isa = PBXFileReference; lastKnownFileType = sourcecode.c.h; path = AppDelegate.h; sourceTree = "<group>"; };
		FA4B7CEA1EEBCC7400460CCE /* AppDelegate.m */ = {isa = PBXFileReference; lastKnownFileType = sourcecode.c.objc; path = AppDelegate.m; sourceTree = "<group>"; };
		FA4B7CEC1EEBCC7400460CCE /* MapViewController.h */ = {isa = PBXFileReference; lastKnownFileType = sourcecode.c.h; path = MapViewController.h; sourceTree = "<group>"; };
		FA4B7CED1EEBCC7400460CCE /* MapViewController.m */ = {isa = PBXFileReference; lastKnownFileType = sourcecode.c.objc; path = MapViewController.m; sourceTree = "<group>"; };
		FA4B7CF01EEBCC7400460CCE /* Base */ = {isa = PBXFileReference; lastKnownFileType = file.storyboard; name = Base; path = Base.lproj/Main.storyboard; sourceTree = "<group>"; };
		FA4B7CF21EEBCC7400460CCE /* Assets.xcassets */ = {isa = PBXFileReference; lastKnownFileType = folder.assetcatalog; path = Assets.xcassets; sourceTree = "<group>"; };
		FA4B7CF51EEBCC7400460CCE /* Base */ = {isa = PBXFileReference; lastKnownFileType = file.storyboard; name = Base; path = Base.lproj/LaunchScreen.storyboard; sourceTree = "<group>"; };
		FA4B7CF71EEBCC7400460CCE /* Info.plist */ = {isa = PBXFileReference; lastKnownFileType = text.plist.xml; path = Info.plist; sourceTree = "<group>"; };
		FA4B7CFD1EEBCCE900460CCE /* AMapFoundationKit.framework */ = {isa = PBXFileReference; lastKnownFileType = wrapper.framework; path = AMapFoundationKit.framework; sourceTree = "<group>"; };
		FA4B7CFE1EEBCCE900460CCE /* AMapSearchKit.framework */ = {isa = PBXFileReference; lastKnownFileType = wrapper.framework; path = AMapSearchKit.framework; sourceTree = "<group>"; };
		FA4B7CFF1EEBCCE900460CCE /* MAMapKit.framework */ = {isa = PBXFileReference; lastKnownFileType = wrapper.framework; path = MAMapKit.framework; sourceTree = "<group>"; };
		FA4B7D041EEBCD0F00460CCE /* OpenGLES.framework */ = {isa = PBXFileReference; lastKnownFileType = wrapper.framework; name = OpenGLES.framework; path = System/Library/Frameworks/OpenGLES.framework; sourceTree = SDKROOT; };
		FA4B7D061EEBCD1A00460CCE /* UIKit.framework */ = {isa = PBXFileReference; lastKnownFileType = wrapper.framework; name = UIKit.framework; path = System/Library/Frameworks/UIKit.framework; sourceTree = SDKROOT; };
		FA4B7D081EEBCD2200460CCE /* Foundation.framework */ = {isa = PBXFileReference; lastKnownFileType = wrapper.framework; name = Foundation.framework; path = System/Library/Frameworks/Foundation.framework; sourceTree = SDKROOT; };
		FA4B7D0A1EEBCD2B00460CCE /* CoreGraphics.framework */ = {isa = PBXFileReference; lastKnownFileType = wrapper.framework; name = CoreGraphics.framework; path = System/Library/Frameworks/CoreGraphics.framework; sourceTree = SDKROOT; };
		FA4B7D0C1EEBCD3100460CCE /* QuartzCore.framework */ = {isa = PBXFileReference; lastKnownFileType = wrapper.framework; name = QuartzCore.framework; path = System/Library/Frameworks/QuartzCore.framework; sourceTree = SDKROOT; };
		FA4B7D0E1EEBCD3900460CCE /* CoreLocation.framework */ = {isa = PBXFileReference; lastKnownFileType = wrapper.framework; name = CoreLocation.framework; path = System/Library/Frameworks/CoreLocation.framework; sourceTree = SDKROOT; };
		FA4B7D101EEBCD4000460CCE /* CoreTelephony.framework */ = {isa = PBXFileReference; lastKnownFileType = wrapper.framework; name = CoreTelephony.framework; path = System/Library/Frameworks/CoreTelephony.framework; sourceTree = SDKROOT; };
		FA4B7D121EEBCD4600460CCE /* SystemConfiguration.framework */ = {isa = PBXFileReference; lastKnownFileType = wrapper.framework; name = SystemConfiguration.framework; path = System/Library/Frameworks/SystemConfiguration.framework; sourceTree = SDKROOT; };
		FA4B7D141EEBCD4C00460CCE /* Security.framework */ = {isa = PBXFileReference; lastKnownFileType = wrapper.framework; name = Security.framework; path = System/Library/Frameworks/Security.framework; sourceTree = SDKROOT; };
		FA4B7D161EEBCD5200460CCE /* AdSupport.framework */ = {isa = PBXFileReference; lastKnownFileType = wrapper.framework; name = AdSupport.framework; path = System/Library/Frameworks/AdSupport.framework; sourceTree = SDKROOT; };
		FA4B7D181EEBCD5700460CCE /* JavaScriptCore.framework */ = {isa = PBXFileReference; lastKnownFileType = wrapper.framework; name = JavaScriptCore.framework; path = System/Library/Frameworks/JavaScriptCore.framework; sourceTree = SDKROOT; };
		FA4B7D1A1EEBCD5E00460CCE /* libz.tbd */ = {isa = PBXFileReference; lastKnownFileType = "sourcecode.text-based-dylib-definition"; name = libz.tbd; path = usr/lib/libz.tbd; sourceTree = SDKROOT; };
		FA4B7D1C1EEBCD6500460CCE /* libstdc++.6.0.9.tbd */ = {isa = PBXFileReference; lastKnownFileType = "sourcecode.text-based-dylib-definition"; name = "libstdc++.6.0.9.tbd"; path = "usr/lib/libstdc++.6.0.9.tbd"; sourceTree = SDKROOT; };
		FA4B7D1E1EEBCD6E00460CCE /* libc++.tbd */ = {isa = PBXFileReference; lastKnownFileType = "sourcecode.text-based-dylib-definition"; name = "libc++.tbd"; path = "usr/lib/libc++.tbd"; sourceTree = SDKROOT; };
		FA4B7D201EEBCD8100460CCE /* GLKit.framework */ = {isa = PBXFileReference; lastKnownFileType = wrapper.framework; name = GLKit.framework; path = System/Library/Frameworks/GLKit.framework; sourceTree = SDKROOT; };
		FA4B7D221EEBCDAB00460CCE /* AMap.bundle */ = {isa = PBXFileReference; lastKnownFileType = "wrapper.plug-in"; name = AMap.bundle; path = "../../../iOS Learning/第三方库/AMap_iOS_SDK_ALL/MAMapKit.framework/AMap.bundle"; sourceTree = "<group>"; };
		FA4B7D2A1EEBD29E00460CCE /* NavigationController.h */ = {isa = PBXFileReference; fileEncoding = 4; lastKnownFileType = sourcecode.c.h; path = NavigationController.h; sourceTree = "<group>"; };
		FA4B7D2B1EEBD29E00460CCE /* NavigationController.m */ = {isa = PBXFileReference; fileEncoding = 4; lastKnownFileType = sourcecode.c.objc; path = NavigationController.m; sourceTree = "<group>"; };
		FAC8A5551EEE7AB90002AC25 /* AMapLocationKit.framework */ = {isa = PBXFileReference; lastKnownFileType = wrapper.framework; path = AMapLocationKit.framework; sourceTree = "<group>"; };
		FAC8A5571EF0DD2B0002AC25 /* MBProgressHUD.h */ = {isa = PBXFileReference; fileEncoding = 4; lastKnownFileType = sourcecode.c.h; path = MBProgressHUD.h; sourceTree = "<group>"; };
		FAC8A5581EF0DD2B0002AC25 /* MBProgressHUD.m */ = {isa = PBXFileReference; fileEncoding = 4; lastKnownFileType = sourcecode.c.objc; path = MBProgressHUD.m; sourceTree = "<group>"; };
		FAD5C8581EFAA9AE005CA673 /* PointInfoView.h */ = {isa = PBXFileReference; fileEncoding = 4; lastKnownFileType = sourcecode.c.h; path = PointInfoView.h; sourceTree = "<group>"; };
		FAD5C8591EFAA9AE005CA673 /* PointInfoView.m */ = {isa = PBXFileReference; fileEncoding = 4; lastKnownFileType = sourcecode.c.objc; path = PointInfoView.m; sourceTree = "<group>"; };
/* End PBXFileReference section */

/* Begin PBXFrameworksBuildPhase section */
		FA4B7CE01EEBCC7400460CCE /* Frameworks */ = {
			isa = PBXFrameworksBuildPhase;
			buildActionMask = 2147483647;
			files = (
				FA4B7D211EEBCD8100460CCE /* GLKit.framework in Frameworks */,
				FA4B7D1F1EEBCD6E00460CCE /* libc++.tbd in Frameworks */,
				FA4B7D1D1EEBCD6500460CCE /* libstdc++.6.0.9.tbd in Frameworks */,
				FA4B7D1B1EEBCD5E00460CCE /* libz.tbd in Frameworks */,
				FA4B7D191EEBCD5700460CCE /* JavaScriptCore.framework in Frameworks */,
				FA4B7D171EEBCD5200460CCE /* AdSupport.framework in Frameworks */,
				FA4B7D151EEBCD4C00460CCE /* Security.framework in Frameworks */,
				FA4B7D131EEBCD4600460CCE /* SystemConfiguration.framework in Frameworks */,
				FA4B7D111EEBCD4000460CCE /* CoreTelephony.framework in Frameworks */,
				FA4B7D0F1EEBCD3900460CCE /* CoreLocation.framework in Frameworks */,
				FA4B7D0D1EEBCD3100460CCE /* QuartzCore.framework in Frameworks */,
				FA4B7D0B1EEBCD2B00460CCE /* CoreGraphics.framework in Frameworks */,
				FA4B7D091EEBCD2200460CCE /* Foundation.framework in Frameworks */,
				FA4B7D071EEBCD1A00460CCE /* UIKit.framework in Frameworks */,
				FA4B7D051EEBCD0F00460CCE /* OpenGLES.framework in Frameworks */,
				FA4B7D021EEBCCE900460CCE /* MAMapKit.framework in Frameworks */,
				FA4B7D011EEBCCE900460CCE /* AMapSearchKit.framework in Frameworks */,
				FAC8A5561EEE7AB90002AC25 /* AMapLocationKit.framework in Frameworks */,
				FA4B7D001EEBCCE900460CCE /* AMapFoundationKit.framework in Frameworks */,
			);
			runOnlyForDeploymentPostprocessing = 0;
		};
/* End PBXFrameworksBuildPhase section */

/* Begin PBXGroup section */
		FA4B7CDA1EEBCC7400460CCE = {
			isa = PBXGroup;
			children = (
				FA4B7CE51EEBCC7400460CCE /* FindCar */,
				FA4B7CE41EEBCC7400460CCE /* Products */,
				FA4B7D031EEBCD0F00460CCE /* Frameworks */,
			);
			sourceTree = "<group>";
		};
		FA4B7CE41EEBCC7400460CCE /* Products */ = {
			isa = PBXGroup;
			children = (
				FA4B7CE31EEBCC7400460CCE /* FindCar.app */,
			);
			name = Products;
			sourceTree = "<group>";
		};
		FA4B7CE51EEBCC7400460CCE /* FindCar */ = {
			isa = PBXGroup;
			children = (
				FA4B7D241EEBD1F200460CCE /* Class */,
				FA4B7CE61EEBCC7400460CCE /* Supporting Files */,
			);
			path = FindCar;
			sourceTree = "<group>";
		};
		FA4B7CE61EEBCC7400460CCE /* Supporting Files */ = {
			isa = PBXGroup;
			children = (
				FA4B7D221EEBCDAB00460CCE /* AMap.bundle */,
				FA4B7CEF1EEBCC7400460CCE /* Main.storyboard */,
				FA4B7CF21EEBCC7400460CCE /* Assets.xcassets */,
				FA4B7CF41EEBCC7400460CCE /* LaunchScreen.storyboard */,
				FA4B7CF71EEBCC7400460CCE /* Info.plist */,
				FA4B7CE71EEBCC7400460CCE /* main.m */,
			);
			name = "Supporting Files";
			sourceTree = "<group>";
		};
		FA4B7D031EEBCD0F00460CCE /* Frameworks */ = {
			isa = PBXGroup;
			children = (
				FAC8A5551EEE7AB90002AC25 /* AMapLocationKit.framework */,
				FA4B7CFD1EEBCCE900460CCE /* AMapFoundationKit.framework */,
				FA4B7CFE1EEBCCE900460CCE /* AMapSearchKit.framework */,
				FA4B7CFF1EEBCCE900460CCE /* MAMapKit.framework */,
				FA4B7D201EEBCD8100460CCE /* GLKit.framework */,
				FA4B7D1E1EEBCD6E00460CCE /* libc++.tbd */,
				FA4B7D1C1EEBCD6500460CCE /* libstdc++.6.0.9.tbd */,
				FA4B7D1A1EEBCD5E00460CCE /* libz.tbd */,
				FA4B7D181EEBCD5700460CCE /* JavaScriptCore.framework */,
				FA4B7D161EEBCD5200460CCE /* AdSupport.framework */,
				FA4B7D141EEBCD4C00460CCE /* Security.framework */,
				FA4B7D121EEBCD4600460CCE /* SystemConfiguration.framework */,
				FA4B7D101EEBCD4000460CCE /* CoreTelephony.framework */,
				FA4B7D0E1EEBCD3900460CCE /* CoreLocation.framework */,
				FA4B7D0C1EEBCD3100460CCE /* QuartzCore.framework */,
				FA4B7D0A1EEBCD2B00460CCE /* CoreGraphics.framework */,
				FA4B7D081EEBCD2200460CCE /* Foundation.framework */,
				FA4B7D061EEBCD1A00460CCE /* UIKit.framework */,
				FA4B7D041EEBCD0F00460CCE /* OpenGLES.framework */,
			);
			name = Frameworks;
			sourceTree = "<group>";
		};
		FA4B7D241EEBD1F200460CCE /* Class */ = {
			isa = PBXGroup;
			children = (
				FA4B7D251EEBD1FC00460CCE /* Controller */,
				FA4B7D261EEBD20300460CCE /* View */,
				FA4B7D271EEBD20A00460CCE /* Model */,
				FA4B7D291EEBD22400460CCE /* Others */,
			);
			name = Class;
			sourceTree = "<group>";
		};
		FA4B7D251EEBD1FC00460CCE /* Controller */ = {
			isa = PBXGroup;
			children = (
				FA4B7CEC1EEBCC7400460CCE /* MapViewController.h */,
				FA4B7CED1EEBCC7400460CCE /* MapViewController.m */,
				FA4B7D2A1EEBD29E00460CCE /* NavigationController.h */,
				FA4B7D2B1EEBD29E00460CCE /* NavigationController.m */,
			);
			name = Controller;
			sourceTree = "<group>";
		};
		FA4B7D261EEBD20300460CCE /* View */ = {
			isa = PBXGroup;
			children = (
				FAD5C8581EFAA9AE005CA673 /* PointInfoView.h */,
				FAD5C8591EFAA9AE005CA673 /* PointInfoView.m */,
			);
			name = View;
			sourceTree = "<group>";
		};
		FA4B7D271EEBD20A00460CCE /* Model */ = {
			isa = PBXGroup;
			children = (
			);
			name = Model;
			sourceTree = "<group>";
		};
		FA4B7D291EEBD22400460CCE /* Others */ = {
			isa = PBXGroup;
			children = (
				FA4B7CE91EEBCC7400460CCE /* AppDelegate.h */,
				FA4B7CEA1EEBCC7400460CCE /* AppDelegate.m */,
				FAC8A5571EF0DD2B0002AC25 /* MBProgressHUD.h */,
				FAC8A5581EF0DD2B0002AC25 /* MBProgressHUD.m */,
			);
			name = Others;
			sourceTree = "<group>";
		};
/* End PBXGroup section */

/* Begin PBXNativeTarget section */
		FA4B7CE21EEBCC7400460CCE /* FindCar */ = {
			isa = PBXNativeTarget;
			buildConfigurationList = FA4B7CFA1EEBCC7400460CCE /* Build configuration list for PBXNativeTarget "FindCar" */;
			buildPhases = (
				FA4B7CDF1EEBCC7400460CCE /* Sources */,
				FA4B7CE01EEBCC7400460CCE /* Frameworks */,
				FA4B7CE11EEBCC7400460CCE /* Resources */,
			);
			buildRules = (
			);
			dependencies = (
			);
			name = FindCar;
			productName = FindCar;
			productReference = FA4B7CE31EEBCC7400460CCE /* FindCar.app */;
			productType = "com.apple.product-type.application";
		};
/* End PBXNativeTarget section */

/* Begin PBXProject section */
		FA4B7CDB1EEBCC7400460CCE /* Project object */ = {
			isa = PBXProject;
			attributes = {
				LastUpgradeCheck = 0830;
				ORGANIZATIONNAME = "沈喆";
				TargetAttributes = {
					FA4B7CE21EEBCC7400460CCE = {
						CreatedOnToolsVersion = 8.3.3;
						DevelopmentTeam = U48K759752;
						ProvisioningStyle = Automatic;
						SystemCapabilities = {
							com.apple.BackgroundModes = {
								enabled = 0;
							};
						};
					};
				};
			};
			buildConfigurationList = FA4B7CDE1EEBCC7400460CCE /* Build configuration list for PBXProject "FindCar" */;
			compatibilityVersion = "Xcode 3.2";
			developmentRegion = English;
			hasScannedForEncodings = 0;
			knownRegions = (
				en,
				Base,
			);
			mainGroup = FA4B7CDA1EEBCC7400460CCE;
			productRefGroup = FA4B7CE41EEBCC7400460CCE /* Products */;
			projectDirPath = "";
			projectRoot = "";
			targets = (
				FA4B7CE21EEBCC7400460CCE /* FindCar */,
			);
		};
/* End PBXProject section */

/* Begin PBXResourcesBuildPhase section */
		FA4B7CE11EEBCC7400460CCE /* Resources */ = {
			isa = PBXResourcesBuildPhase;
			buildActionMask = 2147483647;
			files = (
				FA4B7CF61EEBCC7400460CCE /* LaunchScreen.storyboard in Resources */,
				FA4B7CF31EEBCC7400460CCE /* Assets.xcassets in Resources */,
				FA4B7D231EEBCDAB00460CCE /* AMap.bundle in Resources */,
				FA4B7CF11EEBCC7400460CCE /* Main.storyboard in Resources */,
			);
			runOnlyForDeploymentPostprocessing = 0;
		};
/* End PBXResourcesBuildPhase section */

/* Begin PBXSourcesBuildPhase section */
		FA4B7CDF1EEBCC7400460CCE /* Sources */ = {
			isa = PBXSourcesBuildPhase;
			buildActionMask = 2147483647;
			files = (
				FA4B7CEE1EEBCC7400460CCE /* MapViewController.m in Sources */,
				FAD5C85A1EFAA9AE005CA673 /* PointInfoView.m in Sources */,
				FA4B7D2C1EEBD29E00460CCE /* NavigationController.m in Sources */,
				FAC8A5591EF0DD2B0002AC25 /* MBProgressHUD.m in Sources */,
				FA4B7CEB1EEBCC7400460CCE /* AppDelegate.m in Sources */,
				FA4B7CE81EEBCC7400460CCE /* main.m in Sources */,
			);
			runOnlyForDeploymentPostprocessing = 0;
		};
/* End PBXSourcesBuildPhase section */

/* Begin PBXVariantGroup section */
		FA4B7CEF1EEBCC7400460CCE /* Main.storyboard */ = {
			isa = PBXVariantGroup;
			children = (
				FA4B7CF01EEBCC7400460CCE /* Base */,
			);
			name = Main.storyboard;
			sourceTree = "<group>";
		};
		FA4B7CF41EEBCC7400460CCE /* LaunchScreen.storyboard */ = {
			isa = PBXVariantGroup;
			children = (
				FA4B7CF51EEBCC7400460CCE /* Base */,
			);
			name = LaunchScreen.storyboard;
			sourceTree = "<group>";
		};
/* End PBXVariantGroup section */

/* Begin XCBuildConfiguration section */
		FA4B7CF81EEBCC7400460CCE /* Debug */ = {
			isa = XCBuildConfiguration;
			buildSettings = {
				ALWAYS_SEARCH_USER_PATHS = NO;
				CLANG_ANALYZER_NONNULL = YES;
				CLANG_ANALYZER_NUMBER_OBJECT_CONVERSION = YES_AGGRESSIVE;
				CLANG_CXX_LANGUAGE_STANDARD = "gnu++0x";
				CLANG_CXX_LIBRARY = "libc++";
				CLANG_ENABLE_MODULES = YES;
				CLANG_ENABLE_OBJC_ARC = YES;
				CLANG_WARN_BOOL_CONVERSION = YES;
				CLANG_WARN_CONSTANT_CONVERSION = YES;
				CLANG_WARN_DIRECT_OBJC_ISA_USAGE = YES_ERROR;
				CLANG_WARN_DOCUMENTATION_COMMENTS = YES;
				CLANG_WARN_EMPTY_BODY = YES;
				CLANG_WARN_ENUM_CONVERSION = YES;
				CLANG_WARN_INFINITE_RECURSION = YES;
				CLANG_WARN_INT_CONVERSION = YES;
				CLANG_WARN_OBJC_ROOT_CLASS = YES_ERROR;
				CLANG_WARN_SUSPICIOUS_MOVE = YES;
				CLANG_WARN_UNREACHABLE_CODE = YES;
				CLANG_WARN__DUPLICATE_METHOD_MATCH = YES;
				"CODE_SIGN_IDENTITY[sdk=iphoneos*]" = "iPhone Developer";
				COPY_PHASE_STRIP = NO;
				DEBUG_INFORMATION_FORMAT = dwarf;
				ENABLE_STRICT_OBJC_MSGSEND = YES;
				ENABLE_TESTABILITY = YES;
				GCC_C_LANGUAGE_STANDARD = gnu99;
				GCC_DYNAMIC_NO_PIC = NO;
				GCC_NO_COMMON_BLOCKS = YES;
				GCC_OPTIMIZATION_LEVEL = 0;
				GCC_PREPROCESSOR_DEFINITIONS = (
					"DEBUG=1",
					"$(inherited)",
				);
				GCC_WARN_64_TO_32_BIT_CONVERSION = YES;
				GCC_WARN_ABOUT_RETURN_TYPE = YES_ERROR;
				GCC_WARN_UNDECLARED_SELECTOR = YES;
				GCC_WARN_UNINITIALIZED_AUTOS = YES_AGGRESSIVE;
				GCC_WARN_UNUSED_FUNCTION = YES;
				GCC_WARN_UNUSED_VARIABLE = YES;
				IPHONEOS_DEPLOYMENT_TARGET = 10.3;
				MTL_ENABLE_DEBUG_INFO = YES;
				ONLY_ACTIVE_ARCH = YES;
				SDKROOT = iphoneos;
			};
			name = Debug;
		};
		FA4B7CF91EEBCC7400460CCE /* Release */ = {
			isa = XCBuildConfiguration;
			buildSettings = {
				ALWAYS_SEARCH_USER_PATHS = NO;
				CLANG_ANALYZER_NONNULL = YES;
				CLANG_ANALYZER_NUMBER_OBJECT_CONVERSION = YES_AGGRESSIVE;
				CLANG_CXX_LANGUAGE_STANDARD = "gnu++0x";
				CLANG_CXX_LIBRARY = "libc++";
				CLANG_ENABLE_MODULES = YES;
				CLANG_ENABLE_OBJC_ARC = YES;
				CLANG_WARN_BOOL_CONVERSION = YES;
				CLANG_WARN_CONSTANT_CONVERSION = YES;
				CLANG_WARN_DIRECT_OBJC_ISA_USAGE = YES_ERROR;
				CLANG_WARN_DOCUMENTATION_COMMENTS = YES;
				CLANG_WARN_EMPTY_BODY = YES;
				CLANG_WARN_ENUM_CONVERSION = YES;
				CLANG_WARN_INFINITE_RECURSION = YES;
				CLANG_WARN_INT_CONVERSION = YES;
				CLANG_WARN_OBJC_ROOT_CLASS = YES_ERROR;
				CLANG_WARN_SUSPICIOUS_MOVE = YES;
				CLANG_WARN_UNREACHABLE_CODE = YES;
				CLANG_WARN__DUPLICATE_METHOD_MATCH = YES;
				"CODE_SIGN_IDENTITY[sdk=iphoneos*]" = "iPhone Developer";
				COPY_PHASE_STRIP = NO;
				DEBUG_INFORMATION_FORMAT = "dwarf-with-dsym";
				ENABLE_NS_ASSERTIONS = NO;
				ENABLE_STRICT_OBJC_MSGSEND = YES;
				GCC_C_LANGUAGE_STANDARD = gnu99;
				GCC_NO_COMMON_BLOCKS = YES;
				GCC_WARN_64_TO_32_BIT_CONVERSION = YES;
				GCC_WARN_ABOUT_RETURN_TYPE = YES_ERROR;
				GCC_WARN_UNDECLARED_SELECTOR = YES;
				GCC_WARN_UNINITIALIZED_AUTOS = YES_AGGRESSIVE;
				GCC_WARN_UNUSED_FUNCTION = YES;
				GCC_WARN_UNUSED_VARIABLE = YES;
				IPHONEOS_DEPLOYMENT_TARGET = 10.3;
				MTL_ENABLE_DEBUG_INFO = NO;
				SDKROOT = iphoneos;
				VALIDATE_PRODUCT = YES;
			};
			name = Release;
		};
		FA4B7CFB1EEBCC7400460CCE /* Debug */ = {
			isa = XCBuildConfiguration;
			buildSettings = {
				ASSETCATALOG_COMPILER_APPICON_NAME = AppIcon;
				DEVELOPMENT_TEAM = U48K759752;
				FRAMEWORK_SEARCH_PATHS = (
					"$(inherited)",
					"$(PROJECT_DIR)",
				);
				INFOPLIST_FILE = FindCar/Info.plist;
				LD_RUNPATH_SEARCH_PATHS = "$(inherited) @executable_path/Frameworks";
				PRODUCT_BUNDLE_IDENTIFIER = com.alexshenzhe.FindCar;
				PRODUCT_NAME = "$(TARGET_NAME)";
			};
			name = Debug;
		};
		FA4B7CFC1EEBCC7400460CCE /* Release */ = {
			isa = XCBuildConfiguration;
			buildSettings = {
				ASSETCATALOG_COMPILER_APPICON_NAME = AppIcon;
				DEVELOPMENT_TEAM = U48K759752;
				FRAMEWORK_SEARCH_PATHS = (
					"$(inherited)",
					"$(PROJECT_DIR)",
				);
				INFOPLIST_FILE = FindCar/Info.plist;
				LD_RUNPATH_SEARCH_PATHS = "$(inherited) @executable_path/Frameworks";
				PRODUCT_BUNDLE_IDENTIFIER = com.alexshenzhe.FindCar;
				PRODUCT_NAME = "$(TARGET_NAME)";
			};
			name = Release;
		};
/* End XCBuildConfiguration section */

/* Begin XCConfigurationList section */
		FA4B7CDE1EEBCC7400460CCE /* Build configuration list for PBXProject "FindCar" */ = {
			isa = XCConfigurationList;
			buildConfigurations = (
				FA4B7CF81EEBCC7400460CCE /* Debug */,
				FA4B7CF91EEBCC7400460CCE /* Release */,
			);
			defaultConfigurationIsVisible = 0;
			defaultConfigurationName = Release;
		};
		FA4B7CFA1EEBCC7400460CCE /* Build configuration list for PBXNativeTarget "FindCar" */ = {
			isa = XCConfigurationList;
			buildConfigurations = (
				FA4B7CFB1EEBCC7400460CCE /* Debug */,
				FA4B7CFC1EEBCC7400460CCE /* Release */,
			);
			defaultConfigurationIsVisible = 0;
			defaultConfigurationName = Release;
		};
/* End XCConfigurationList section */
	};
	rootObject = FA4B7CDB1EEBCC7400460CCE /* Project object */;
}
